
Microsoft Visual Studio Solution File, Format Version 12.00
# Visual Studio Version 17
VisualStudioVersion = 17.5.33516.290
MinimumVisualStudioVersion = 10.0.40219.1
Project("{FAE04EC0-301F-11D3-BF4B-00C04F79EFBC}") = "API", "API\API.csproj", "{DAC17ABA-2498-424A-BF81-BBD6848DB6D4}"
EndProject
Project("{FAE04EC0-301F-11D3-BF4B-00C04F79EFBC}") = "Core", "Core\Core.csproj", "{07506749-10EA-446C-954F-FC764C75D915}"
EndProject
Project("{FAE04EC0-301F-11D3-BF4B-00C04F79EFBC}") = "Infraestructure", "Infraestructure\Infraestructure.csproj", "{3F9A814C-D11F-4E88-AE94-7A3DB9CDF58E}"
EndProject
Global
	GlobalSection(SolutionConfigurationPlatforms) = preSolution
		Debug|Any CPU = Debug|Any CPU
		Release|Any CPU = Release|Any CPU
	EndGlobalSection
	GlobalSection(ProjectConfigurationPlatforms) = postSolution
		{DAC17ABA-2498-424A-BF81-BBD6848DB6D4}.Debug|Any CPU.ActiveCfg = Debug|Any CPU
		{DAC17ABA-2498-424A-BF81-BBD6848DB6D4}.Debug|Any CPU.Build.0 = Debug|Any CPU
		{DAC17ABA-2498-424A-BF81-BBD6848DB6D4}.Release|Any CPU.ActiveCfg = Release|Any CPU
		{DAC17ABA-2498-424A-BF81-BBD6848DB6D4}.Release|Any CPU.Build.0 = Release|Any CPU
		{07506749-10EA-446C-954F-FC764C75D915}.Debug|Any CPU.ActiveCfg = Debug|Any CPU
		{07506749-10EA-446C-954F-FC764C75D915}.Debug|Any CPU.Build.0 = Debug|Any CPU
		{07506749-10EA-446C-954F-FC764C75D915}.Release|Any CPU.ActiveCfg = Release|Any CPU
		{07506749-10EA-446C-954F-FC764C75D915}.Release|Any CPU.Build.0 = Release|Any CPU
		{3F9A814C-D11F-4E88-AE94-7A3DB9CDF58E}.Debug|Any CPU.ActiveCfg = Debug|Any CPU
		{3F9A814C-D11F-4E88-AE94-7A3DB9CDF58E}.Debug|Any CPU.Build.0 = Debug|Any CPU
		{3F9A814C-D11F-4E88-AE94-7A3DB9CDF58E}.Release|Any CPU.ActiveCfg = Release|Any CPU
		{3F9A814C-D11F-4E88-AE94-7A3DB9CDF58E}.Release|Any CPU.Build.0 = Release|Any CPU
	EndGlobalSection
	GlobalSection(SolutionProperties) = preSolution
		HideSolutionNode = FALSE
	EndGlobalSection
	GlobalSection(ExtensibilityGlobals) = postSolution
		SolutionGuid = {4F3B1839-F4B7-4143-8226-7FBA04479694}
	EndGlobalSection
EndGlobal
